
Microsoft Visual Studio Solution File, Format Version 12.00
# Visual Studio 15
VisualStudioVersion = 15.0.28307.902
MinimumVisualStudioVersion = 10.0.40219.1
Project("{FAE04EC0-301F-11D3-BF4B-00C04F79EFBC}") = "Deneme2", "Deneme2\Deneme2.csproj", "{625CCA05-650B-4AB2-84D9-E6EDA712B2F0}"
EndProject
Project("{FAE04EC0-301F-11D3-BF4B-00C04F79EFBC}") = "Data", "Data\Data.csproj", "{3C5DF8C1-61A6-441D-BE72-247B9C34B051}"
EndProject
Project("{FAE04EC0-301F-11D3-BF4B-00C04F79EFBC}") = "Helper", "Helper\Helper.csproj", "{B71E0418-08EA-4FE8-9741-B5202E3BD560}"
EndProject
Global
	GlobalSection(SolutionConfigurationPlatforms) = preSolution
		Debug|Any CPU = Debug|Any CPU
		Release|Any CPU = Release|Any CPU
	EndGlobalSection
	GlobalSection(ProjectConfigurationPlatforms) = postSolution
		{625CCA05-650B-4AB2-84D9-E6EDA712B2F0}.Debug|Any CPU.ActiveCfg = Debug|Any CPU
		{625CCA05-650B-4AB2-84D9-E6EDA712B2F0}.Debug|Any CPU.Build.0 = Debug|Any CPU
		{625CCA05-650B-4AB2-84D9-E6EDA712B2F0}.Release|Any CPU.ActiveCfg = Release|Any CPU
		{625CCA05-650B-4AB2-84D9-E6EDA712B2F0}.Release|Any CPU.Build.0 = Release|Any CPU
		{3C5DF8C1-61A6-441D-BE72-247B9C34B051}.Debug|Any CPU.ActiveCfg = Debug|Any CPU
		{3C5DF8C1-61A6-441D-BE72-247B9C34B051}.Debug|Any CPU.Build.0 = Debug|Any CPU
		{3C5DF8C1-61A6-441D-BE72-247B9C34B051}.Release|Any CPU.ActiveCfg = Release|Any CPU
		{3C5DF8C1-61A6-441D-BE72-247B9C34B051}.Release|Any CPU.Build.0 = Release|Any CPU
		{B71E0418-08EA-4FE8-9741-B5202E3BD560}.Debug|Any CPU.ActiveCfg = Debug|Any CPU
		{B71E0418-08EA-4FE8-9741-B5202E3BD560}.Debug|Any CPU.Build.0 = Debug|Any CPU
		{B71E0418-08EA-4FE8-9741-B5202E3BD560}.Release|Any CPU.ActiveCfg = Release|Any CPU
		{B71E0418-08EA-4FE8-9741-B5202E3BD560}.Release|Any CPU.Build.0 = Release|Any CPU
	EndGlobalSection
	GlobalSection(SolutionProperties) = preSolution
		HideSolutionNode = FALSE
	EndGlobalSection
	GlobalSection(ExtensibilityGlobals) = postSolution
		SolutionGuid = {BCD908CE-090F-4933-9CA3-C8F193BEEA22}
	EndGlobalSection
EndGlobal
